
Microsoft Visual Studio Solution File, Format Version 12.00
# Visual Studio Version 16
VisualStudioVersion = 16.0.30621.155
MinimumVisualStudioVersion = 10.0.40219.1
Project("{FAE04EC0-301F-11D3-BF4B-00C04F79EFBC}") = "TestTaskForActualTech", "TestTaskForActualTech.csproj", "{98F16635-A421-49F1-850F-C669D58E2239}"
EndProject
Global
	GlobalSection(SolutionConfigurationPlatforms) = preSolution
		Debug|Any CPU = Debug|Any CPU
		Release|Any CPU = Release|Any CPU
	EndGlobalSection
	GlobalSection(ProjectConfigurationPlatforms) = postSolution
		{98F16635-A421-49F1-850F-C669D58E2239}.Debug|Any CPU.ActiveCfg = Debug|Any CPU
		{98F16635-A421-49F1-850F-C669D58E2239}.Debug|Any CPU.Build.0 = Debug|Any CPU
		{98F16635-A421-49F1-850F-C669D58E2239}.Release|Any CPU.ActiveCfg = Release|Any CPU
		{98F16635-A421-49F1-850F-C669D58E2239}.Release|Any CPU.Build.0 = Release|Any CPU
	EndGlobalSection
	GlobalSection(SolutionProperties) = preSolution
		HideSolutionNode = FALSE
	EndGlobalSection
	GlobalSection(ExtensibilityGlobals) = postSolution
		SolutionGuid = {0452E3E3-3E30-4E1D-BE62-AAA38CD15356}
	EndGlobalSection
EndGlobal
